
Microsoft Visual Studio Solution File, Format Version 12.00
# Visual Studio Version 16
VisualStudioVersion = 16.0.31410.357
MinimumVisualStudioVersion = 10.0.40219.1
Project("{9A19103F-16F7-4668-BE54-9A1E7A4F7556}") = "Airports-IO", "Airports-IO\Airports-IO.csproj", "{7FA1EB86-CEFB-473D-BDE8-6379D633DD31}"
	ProjectSection(ProjectDependencies) = postProject
		{92866037-86D2-43DB-836A-EAD92A06E660} = {92866037-86D2-43DB-836A-EAD92A06E660}
	EndProjectSection
EndProject
Project("{9A19103F-16F7-4668-BE54-9A1E7A4F7556}") = "Airports-Logic", "Airports-Logic\Airports-Logic.csproj", "{83F377F6-09D3-4654-A2F2-DBF014626E74}"
EndProject
Project("{9A19103F-16F7-4668-BE54-9A1E7A4F7556}") = "Airports-Logic-Tests", "Airports-Logic-Tests\Airports-Logic-Tests.csproj", "{F5C41675-EF01-4B4F-924A-EB1FB342D99D}"
EndProject
Project("{9A19103F-16F7-4668-BE54-9A1E7A4F7556}") = "Aiports-Model", "Model\Aiports-Model.csproj", "{15DF6F26-7507-4C49-8952-9937826B05C6}"
EndProject
Project("{9A19103F-16F7-4668-BE54-9A1E7A4F7556}") = "Airports-Settings", "Airports-Settings\Airports-Settings.csproj", "{92866037-86D2-43DB-836A-EAD92A06E660}"
EndProject
Project("{9A19103F-16F7-4668-BE54-9A1E7A4F7556}") = "Airports-Client", "Airports-Client\Airports-Client.csproj", "{06975DFB-FB0C-4590-9A1E-19554A20FC85}"
EndProject
Global
	GlobalSection(SolutionConfigurationPlatforms) = preSolution
		Debug|Any CPU = Debug|Any CPU
		Release|Any CPU = Release|Any CPU
	EndGlobalSection
	GlobalSection(ProjectConfigurationPlatforms) = postSolution
		{7FA1EB86-CEFB-473D-BDE8-6379D633DD31}.Debug|Any CPU.ActiveCfg = Debug|Any CPU
		{7FA1EB86-CEFB-473D-BDE8-6379D633DD31}.Debug|Any CPU.Build.0 = Debug|Any CPU
		{7FA1EB86-CEFB-473D-BDE8-6379D633DD31}.Release|Any CPU.ActiveCfg = Release|Any CPU
		{7FA1EB86-CEFB-473D-BDE8-6379D633DD31}.Release|Any CPU.Build.0 = Release|Any CPU
		{83F377F6-09D3-4654-A2F2-DBF014626E74}.Debug|Any CPU.ActiveCfg = Debug|Any CPU
		{83F377F6-09D3-4654-A2F2-DBF014626E74}.Debug|Any CPU.Build.0 = Debug|Any CPU
		{83F377F6-09D3-4654-A2F2-DBF014626E74}.Release|Any CPU.ActiveCfg = Release|Any CPU
		{83F377F6-09D3-4654-A2F2-DBF014626E74}.Release|Any CPU.Build.0 = Release|Any CPU
		{F5C41675-EF01-4B4F-924A-EB1FB342D99D}.Debug|Any CPU.ActiveCfg = Debug|Any CPU
		{F5C41675-EF01-4B4F-924A-EB1FB342D99D}.Debug|Any CPU.Build.0 = Debug|Any CPU
		{F5C41675-EF01-4B4F-924A-EB1FB342D99D}.Release|Any CPU.ActiveCfg = Release|Any CPU
		{F5C41675-EF01-4B4F-924A-EB1FB342D99D}.Release|Any CPU.Build.0 = Release|Any CPU
		{15DF6F26-7507-4C49-8952-9937826B05C6}.Debug|Any CPU.ActiveCfg = Debug|Any CPU
		{15DF6F26-7507-4C49-8952-9937826B05C6}.Debug|Any CPU.Build.0 = Debug|Any CPU
		{15DF6F26-7507-4C49-8952-9937826B05C6}.Release|Any CPU.ActiveCfg = Release|Any CPU
		{15DF6F26-7507-4C49-8952-9937826B05C6}.Release|Any CPU.Build.0 = Release|Any CPU
		{92866037-86D2-43DB-836A-EAD92A06E660}.Debug|Any CPU.ActiveCfg = Debug|Any CPU
		{92866037-86D2-43DB-836A-EAD92A06E660}.Debug|Any CPU.Build.0 = Debug|Any CPU
		{92866037-86D2-43DB-836A-EAD92A06E660}.Release|Any CPU.ActiveCfg = Release|Any CPU
		{92866037-86D2-43DB-836A-EAD92A06E660}.Release|Any CPU.Build.0 = Release|Any CPU
		{06975DFB-FB0C-4590-9A1E-19554A20FC85}.Debug|Any CPU.ActiveCfg = Debug|Any CPU
		{06975DFB-FB0C-4590-9A1E-19554A20FC85}.Debug|Any CPU.Build.0 = Debug|Any CPU
		{06975DFB-FB0C-4590-9A1E-19554A20FC85}.Release|Any CPU.ActiveCfg = Release|Any CPU
		{06975DFB-FB0C-4590-9A1E-19554A20FC85}.Release|Any CPU.Build.0 = Release|Any CPU
	EndGlobalSection
	GlobalSection(SolutionProperties) = preSolution
		HideSolutionNode = FALSE
	EndGlobalSection
	GlobalSection(ExtensibilityGlobals) = postSolution
		SolutionGuid = {0D064517-3E53-4E30-AF31-7795FBD99F07}
	EndGlobalSection
EndGlobal
